
Microsoft Visual Studio Solution File, Format Version 12.00
# Visual Studio Version 17
VisualStudioVersion = 17.5.002.0
MinimumVisualStudioVersion = 10.0.40219.1
Project("{9A19103F-16F7-4668-BE54-9A1E7A4F7556}") = "draft-scorer-nfl", "draft-scorer-nfl.csproj", "{9D5F4309-9CDF-4A5F-B455-88D0029682E3}"
EndProject
Global
	GlobalSection(SolutionConfigurationPlatforms) = preSolution
		Debug|Any CPU = Debug|Any CPU
		Release|Any CPU = Release|Any CPU
	EndGlobalSection
	GlobalSection(ProjectConfigurationPlatforms) = postSolution
		{9D5F4309-9CDF-4A5F-B455-88D0029682E3}.Debug|Any CPU.ActiveCfg = Debug|Any CPU
		{9D5F4309-9CDF-4A5F-B455-88D0029682E3}.Debug|Any CPU.Build.0 = Debug|Any CPU
		{9D5F4309-9CDF-4A5F-B455-88D0029682E3}.Release|Any CPU.ActiveCfg = Release|Any CPU
		{9D5F4309-9CDF-4A5F-B455-88D0029682E3}.Release|Any CPU.Build.0 = Release|Any CPU
	EndGlobalSection
	GlobalSection(SolutionProperties) = preSolution
		HideSolutionNode = FALSE
	EndGlobalSection
	GlobalSection(ExtensibilityGlobals) = postSolution
		SolutionGuid = {1EFC6881-0C19-47A7-8EFE-95FBA5A4A857}
	EndGlobalSection
EndGlobal
